
Microsoft Visual Studio Solution File, Format Version 12.00
# Visual Studio Version 17
VisualStudioVersion = 17.7.34024.191
MinimumVisualStudioVersion = 10.0.40219.1
Project("{8BC9CEB8-8B4A-11D0-8D11-00A0C91BC942}") = "HW(2)", "HW(2).vcxproj", "{37BD72F4-704E-4C49-B899-892FF50E9697}"
EndProject
Global
	GlobalSection(SolutionConfigurationPlatforms) = preSolution
		Debug|x64 = Debug|x64
		Debug|x86 = Debug|x86
		Release|x64 = Release|x64
		Release|x86 = Release|x86
	EndGlobalSection
	GlobalSection(ProjectConfigurationPlatforms) = postSolution
		{37BD72F4-704E-4C49-B899-892FF50E9697}.Debug|x64.ActiveCfg = Debug|x64
		{37BD72F4-704E-4C49-B899-892FF50E9697}.Debug|x64.Build.0 = Debug|x64
		{37BD72F4-704E-4C49-B899-892FF50E9697}.Debug|x86.ActiveCfg = Debug|Win32
		{37BD72F4-704E-4C49-B899-892FF50E9697}.Debug|x86.Build.0 = Debug|Win32
		{37BD72F4-704E-4C49-B899-892FF50E9697}.Release|x64.ActiveCfg = Release|x64
		{37BD72F4-704E-4C49-B899-892FF50E9697}.Release|x64.Build.0 = Release|x64
		{37BD72F4-704E-4C49-B899-892FF50E9697}.Release|x86.ActiveCfg = Release|Win32
		{37BD72F4-704E-4C49-B899-892FF50E9697}.Release|x86.Build.0 = Release|Win32
	EndGlobalSection
	GlobalSection(SolutionProperties) = preSolution
		HideSolutionNode = FALSE
	EndGlobalSection
	GlobalSection(ExtensibilityGlobals) = postSolution
		SolutionGuid = {2B52AC71-D8E2-4356-8B42-CC10DD7CD816}
	EndGlobalSection
EndGlobal
